version = 1
requires-python = ">=3.13"

[[package]]
name = "annotated-doc"
version = "0.0.5"
source = { registry = "https://pypi.org/simple" }
sdist = { url = "https://files.pythonhosted.org/packages/5a/8e/38aa427ed5402449e226975b649c5dc73ccadfefeb95e6aecb8f8ea4b6b6/annotated_doc-0.0.5.tar.gz", hash = "sha256:c7e58ce09192557605d8bbd92836d7e1d520ac9580096042c0bfd197efacf1bb", size = 10758 }
wheels = [
    { url = "https://files.pythonhosted.org/packages/3e/30/e900b21425a860e195f32e37657aa1f7c7f2b1bfb26f03ca209b90933c06/annotated_doc-0.0.5-py3-none-any.whl", hash = "sha256:117bac03a25ede5df5440e855b32d556049ca169ead221505badf432fed4b101", size = 5302 },
]

[[package]]
name = "annotated-types"
version = "0.8.0"
source = { registry = "https://pypi.org/simple" }
sdist = { url = "https://files.pythonhosted.org/packages/5f/56/a8120250d128bed162cd73c76d45f6ef9991f3e068f62a8ee060afa3104a/annotated_types-0.8.0.tar.gz", hash = "sha256:13b2beaad985e05e2d6407ee4c4f35590b11f8d693a258a561055cac8f64cab7", size = 15893 }
wheels = [
    { url = "https://files.pythonhosted.org/packages/99/91/8acff4f5e50511b911bbccb72b8628a49c68ce14148cd9f6431094859a90/annotated_types-0.8.0-py3-none-any.whl", hash = "sha256:f072f4d804ea359e4eaf198b1af7a8b0943881a87f31bb764f8bf219bb9419e0", size = 13427 },
]

[[package]]
name = "anyio"
version = "4.15.1"
source = { registry = "https://pypi.org/simple" }
dependencies = [
    { name = "idna" },
    { name = "typing-extensions", marker = "python_full_version < '3.15'" },
]
sdist = { url = "https://files.pythonhosted.org/packages/a9/d2/f4d173e22df740bc37b1db102b386ba719b66e95b0f0d751f556b387e6d2/anyio-4.15.1.tar.gz", hash = "sha256:9f28306018cbd6d329e64a36d58256edff76dd996fe423bc957326e578b82a94", size = 276966 }
wheels = [
    { url = "https://files.pythonhosted.org/packages/12/b8/4bd346e22b28902df4d651910f5242c28d84e4a5c2435ca5c3f797ed7e2e/anyio-4.15.1-py3-none-any.whl", hash = "sha256:6152fdbbf9a77fdec97731721bebf7c4c44f7c29b424b0065826173efc7ed101", size = 132079 },
]

[[package]]
name = "basedpyright"
version = "1.40.1"
source = { registry = "https://pypi.org/simple" }
dependencies = [
    { name = "nodejs-wheel-binaries" },
]
sdist = { url = "https://files.pythonhosted.org/packages/38/ee/8d0b6806338b13526303cf72754351221a32cdb80ab56dcf2c91d6b1ea57/basedpyright-1.40.1.tar.gz", hash = "sha256:da1c9913b6d169340a0dbb6df76ea97f476ccb697da8f92659ac46032f6d2ce8", size = 25131254 }
wheels = [
    { url = "https://files.pythonhosted.org/packages/b2/84/c1e1e845d0453253a98d1ba188d68597f0ba7e552eeabea514d9395d418a/basedpyright-1.40.1-py3-none-any.whl", hash = "sha256:222dc0382caf9816eb23a27cb7059fa96356ddc500b3b7b306072848fd650244", size = 13689276 },
]

[[package]]
name = "certifi"
version = "2026.7.22"
source = { registry = "https://pypi.org/simple" }
sdist = { url = "https://files.pythonhosted.org/packages/a3/c2/24167ea9858356b47a87a50d39908bfdb72ceeefe0041586e704e5376b3a/certifi-2026.7.22.tar.gz", hash = "sha256:741e2c3b351ddf169a738da9f2c048608ff7f2c5cc02f1ebc6b118bb090d5d55", size = 138112 }
wheels = [
    { url = "https://files.pythonhosted.org/packages/0b/a7/71ac2cff56fec219ed242bb11b8efb69fcc4bec75db06fb7bfe35de520e6/certifi-2026.7.22-py3-none-any.whl", hash = "sha256:62f22742b58a1a33014a2b6b706588a8d7e2a88ae7bd1a6ebe8c992928483775", size = 136983 },
]

[[package]]
name = "click"
version = "8.5.0"
source = { registry = "https://pypi.org/simple" }
sdist = { url = "https://files.pythonhosted.org/packages/c7/0e/7fa0ef50764b67090eca4114772a2abf8b6148198475e54c660b97caeee6/click-8.5.0.tar.gz", hash = "sha256:ba0d2089de75ea0310e2dde03160e6ca10009947fb95a182f9b54021bb272e34", size = 382235 }
wheels = [
    { url = "https://files.pythonhosted.org/packages/58/50/6c0d534c5f134586a8e1ba4e330569e32f057e33372ae556463212fb4cd3/click-8.5.0-py3-none-any.whl", hash = "sha256:255bc9599cf7748b4b1a446ccc735421bd08a2ae529a8b88597d3de5664ee360", size = 125251 },
]

[[package]]
name = "colorama"
version = "0.4.6"
source = { registry = "https://pypi.org/simple" }
sdist = { url = "https://files.pythonhosted.org/packages/d8/53/6f443c9a4a8358a93a6792e2acffb9d9d5cb0a5cfd8802644b7b1c9a02e4/colorama-0.4.6.tar.gz", hash = "sha256:08695f5cb7ed6e0531a20572697297273c47b8cae5a63ffc6d6ed5c201be6e44", size = 27697 }
wheels = [
    { url = "https://files.pythonhosted.org/packages/d1/d6/3965ed04c63042e047cb6a3e6ed1a63a35087b6a609aa3a15ed8ac56c221/colorama-0.4.6-py2.py3-none-any.whl", hash = "sha256:4f1d9991f5acc0ca119f9d443620b77f9d6b33703e51011c16baf57afb285fc6", size = 25335 },
]

[[package]]
name = "fastapi"
version = "0.142.2"
source = { registry = "https://pypi.org/simple" }
dependencies = [
    { name = "annotated-doc" },
    { name = "opentelemetry-api" },
    { name = "pydantic" },
    { name = "starlette" },
    { name = "typing-extensions" },
    { name = "typing-inspection" },
]
sdist = { url = "https://files.pythonhosted.org/packages/56/4f/f7c30a73127e0a8bbffe788369b8359e530b01ae06e2757936fa35bc5e6d/fastapi-0.142.2.tar.gz", hash = "sha256:06366626f2e70576367714d9ab2fe8472e6c8456dba69b399f9f797ab5e92570", size = 466721 }
wheels = [
    { url = "https://files.pythonhosted.org/packages/a0/b6/78aaf9141fb46742928c113f3cf6ef2259d538cb02b604b7656c1dc9883c/fastapi-0.142.2-py3-none-any.whl", hash = "sha256:bd5f4d81f1e93a88bcd77caf4dfe3c2dbffc3805407a0007e9a114c18b3a670b", size = 144409 },
]

[[package]]
name = "h11"
version = "0.16.0"
source = { registry = "https://pypi.org/simple" }
sdist = { url = "https://files.pythonhosted.org/packages/01/ee/02a2c011bdab74c6fb3c75474d40b3052059d95df7e73351460c8588d963/h11-0.16.0.tar.gz", hash = "sha256:4e35b956cf45792e4caa5885e69fba00bdbc6ffafbfa020300e549b208ee5ff1", size = 101250 }
wheels = [
    { url = "https://files.pythonhosted.org/packages/04/4b/29cac41a4d98d144bf5f6d33995617b185d14b22401f75ca86f384e87ff1/h11-0.16.0-py3-none-any.whl", hash = "sha256:63cf8bbe7522de3bf65932fda1d9c2772064ffb3dae62d55932da54b31cb6c86", size = 37515 },
]

[[package]]
name = "httpcore"
version = "1.0.9"
source = { registry = "https://pypi.org/simple" }
dependencies = [
    { name = "certifi" },
    { name = "h11" },
]
sdist = { url = "https://files.pythonhosted.org/packages/06/94/82699a10bca87a5556c9c59b5963f2d039dbd239f25bc2a63907a05a14cb/httpcore-1.0.9.tar.gz", hash = "sha256:6e34463af53fd2ab5d807f399a9b45ea31c3dfa2276f15a2c3f00afff6e176e8", size = 85484 }
wheels = [
    { url = "https://files.pythonhosted.org/packages/7e/f5/f66802a942d491edb555dd61e3a9961140fd64c90bce1eafd741609d334d/httpcore-1.0.9-py3-none-any.whl", hash = "sha256:2d400746a40668fc9dec9810239072b40b4484b640a8c38fd654a024c7a1bf55", size = 78784 },
]

[[package]]
name = "httpcore2"
version = "2.13.1"
source = { registry = "https://pypi.org/simple" }
dependencies = [
    { name = "h11" },
    { name = "truststore" },
]
sdist = { url = "https://files.pythonhosted.org/packages/cb/f3/1db7aa2bc2524062192bb0e0323969492d1883152a232fe36eea65f4e35c/httpcore2-2.13.1.tar.gz", hash = "sha256:e0aa977abe17e69a3b820a24542a6fa88702676d83880b8d194dcd18408e5103", size = 68071 }
wheels = [
    { url = "https://files.pythonhosted.org/packages/09/ba/a4568248771ce81957bfb7cc600264a40fbcda092391ee1c415c50be4bea/httpcore2-2.13.1-py3-none-any.whl", hash = "sha256:e1e05d4f25f7d7d496bfb96748f6f4b67657b03da069b3a68c36069f3db73d0a", size = 83423 },
]

[[package]]
name = "httpx"
version = "0.28.1"
source = { registry = "https://pypi.org/simple" }
dependencies = [
    { name = "anyio" },
    { name = "certifi" },
    { name = "httpcore" },
    { name = "idna" },
]
sdist = { url = "https://files.pythonhosted.org/packages/b1/df/48c586a5fe32a0f01324ee087459e112ebb7224f646c0b5023f5e79e9956/httpx-0.28.1.tar.gz", hash = "sha256:75e98c5f16b0f35b567856f597f06ff2270a374470a5c2392242528e3e3e42fc", size = 141406 }
wheels = [
    { url = "https://files.pythonhosted.org/packages/2a/39/e50c7c3a983047577ee07d2a9e53faf5a69493943ec3f6a384bdc792deb2/httpx-0.28.1-py3-none-any.whl", hash = "sha256:d909fcccc110f8c7faf814ca82a9a4d816bc5a6dbfea25d6591d6985b8ba59ad", size = 73517 },
]

[[package]]
name = "httpx2"
version = "2.13.1"
source = { registry = "https://pypi.org/simple" }
dependencies = [
    { name = "anyio", marker = "sys_platform != 'emscripten'" },
    { name = "httpcore2", marker = "sys_platform != 'emscripten'" },
    { name = "httpx2-jsfetch", marker = "sys_platform == 'emscripten'" },
    { name = "idna" },
    { name = "truststore", marker = "sys_platform != 'emscripten'" },
]
sdist = { url = "https://files.pythonhosted.org/packages/d5/44/474bef2a0e9d90f1715d32cb98b0738695ca17ba324095fb2497ed7fbd59/httpx2-2.13.1.tar.gz", hash = "sha256:e48744a19e3af5ee48313d0ce5fe941d5422fae5705ea922a4aabf94d7800dfa", size = 100405 }
wheels = [
    { url = "https://files.pythonhosted.org/packages/d8/9c/6fe8931fd9f381042a9e4c7d5a7b4cbf7016b252bec0c99a49fce42c3326/httpx2-2.13.1-py3-none-any.whl", hash = "sha256:6dff50fabc270ee5fd25d845d0b078ed20564579744d6d962850975996d2f9a4", size = 95597 },
]

[[package]]
name = "httpx2-jsfetch"
version = "1.0"
source = { registry = "https://pypi.org/simple" }
sdist = { url = "https://files.pythonhosted.org/packages/cd/c4/0e5636363151a2a1795e0a77617168b9ca438e1748ec05fc9b5687f93d64/httpx2_jsfetch-1.0.tar.gz", hash = "sha256:70a0e3eabfef7cce5ad9c629f7d01ca05e418f586646f4ddf14782e4c1454c60", size = 6872 }
wheels = [
    { url = "https://files.pythonhosted.org/packages/9b/43/832f631d32e4f1211caa2ba368317739fe71f0b8530e4c9d15dc454bac2a/httpx2_jsfetch-1.0-py3-none-any.whl", hash = "sha256:cb916b707601e69a07721aabc8f3f6659be3a6893bc1ff5c6f9e02241df2da32", size = 6382 },
]

[[package]]
name = "idna"
version = "3.20"
source = { registry = "https://pypi.org/simple" }
sdist = { url = "https://files.pythonhosted.org/packages/f5/08/8eea9d4b8302028f3abb2c0813953f7aec26d33b7a8960ed760e65ff29fa/idna-3.20.tar.gz", hash = "sha256:a7db850025b95ded1eae8a46181a1a6c56c92c96f0e2b005d9ff8dc0210cab44", size = 216463 }
wheels = [
    { url = "https://files.pythonhosted.org/packages/58/a2/bb081bab032533a855d44de1d56f8e8426114ff1ba5d1f07a438a0a654f8/idna-3.20-py3-none-any.whl", hash = "sha256:ab7ae7122974553370f0bdb919e1a960b2cd1bc1ef0276416d896db81c14582c", size = 69583 },
]

[[package]]
name = "iniconfig"
version = "2.3.0"
source = { registry = "https://pypi.org/simple" }
sdist = { url = "https://files.pythonhosted.org/packages/72/34/14ca021ce8e5dfedc35312d08ba8bf51fdd999c576889fc2c24cb97f4f10/iniconfig-2.3.0.tar.gz", hash = "sha256:c76315c77db068650d49c5b56314774a7804df16fee4402c1f19d6d15d8c4730", size = 20503 }
wheels = [
    { url = "https://files.pythonhosted.org/packages/cb/b1/3846dd7f199d53cb17f49cba7e651e9ce294d8497c8c150530ed11865bb8/iniconfig-2.3.0-py3-none-any.whl", hash = "sha256:f631c04d2c48c52b84d0d0549c99ff3859c98df65b3101406327ecc7d53fbf12", size = 7484 },
]

[[package]]
name = "markdown-it-py"
version = "4.2.0"
source = { registry = "https://pypi.org/simple" }
dependencies = [
    { name = "mdurl" },
]
sdist = { url = "https://files.pythonhosted.org/packages/06/ff/7841249c247aa650a76b9ee4bbaeae59370dc8bfd2f6c01f3630c35eb134/markdown_it_py-4.2.0.tar.gz", hash = "sha256:04a21681d6fbb623de53f6f364d352309d4094dd4194040a10fd51833e418d49", size = 82454 }
wheels = [
    { url = "https://files.pythonhosted.org/packages/b3/81/4da04ced5a082363ecfa159c010d200ecbd959ae410c10c0264a38cac0f5/markdown_it_py-4.2.0-py3-none-any.whl", hash = "sha256:9f7ebbcd14fe59494226453aed97c1070d83f8d24b6fc3a3bcf9a38092641c4a", size = 91687 },
]

[[package]]
name = "mdurl"
version = "0.1.2"
source = { registry = "https://pypi.org/simple" }
sdist = { url = "https://files.pythonhosted.org/packages/d6/54/cfe61301667036ec958cb99bd3efefba235e65cdeb9c84d24a8293ba1d90/mdurl-0.1.2.tar.gz", hash = "sha256:bb413d29f5eea38f31dd4754dd7377d4465116fb207585f97bf925588687c1ba", size = 8729 }
wheels = [
    { url = "https://files.pythonhosted.org/packages/b3/38/89ba8ad64ae25be8de66a6d463314cf1eb366222074cfda9ee839c56a4b4/mdurl-0.1.2-py3-none-any.whl", hash = "sha256:84008a41e51615a49fc9966191ff91509e3c40b939176e643fd50a5c2196b8f8", size = 9979 },
]

[[package]]
name = "nodejs-wheel-binaries"
version = "24.19.0"
source = { registry = "https://pypi.org/simple" }
sdist = { url = "https://files.pythonhosted.org/packages/c0/76/7e97195e14346598565a0de4ca8bdbd5e634b3fb5b1ba590b7b1b89f8a63/nodejs_wheel_binaries-24.19.0.tar.gz", hash = "sha256:db217eef8cab8551667863379b08db4d9067403f6cbbe87481eb40edceb8aa9b", size = 8058 }
wheels = [
    { url = "https://files.pythonhosted.org/packages/8c/52/0774b52c7be8151ad9d5aff44edc100c3f13d6d8eb3765f63ffa40e69fe8/nodejs_wheel_binaries-24.19.0-py2.py3-none-macosx_13_0_arm64.whl", hash = "sha256:e12cbfd69089504e42fb14194ce734a9dcf3eb38c820ca63dd511d36fb964e9c", size = 56047203 },
    { url = "https://files.pythonhosted.org/packages/67/3a/4fdbbfecf2c23d52c0e3f68de7f7c1b3c97a26d328c69c5f6c49c48e340e/nodejs_wheel_binaries-24.19.0-py2.py3-none-macosx_13_0_x86_64.whl", hash = "sha256:1c890adf4b7e6556ccc1ca66c866bb81884b6c9a581dee4e530dc7f78fb9d514", size = 56219459 },
    { url = "https://files.pythonhosted.org/packages/5f/a8/0147149415195c59b8a72a594916bfb80d6be4d586f9fbfda313889e0efc/nodejs_wheel_binaries-24.19.0-py2.py3-none-manylinux_2_28_aarch64.whl", hash = "sha256:4e029dadfae1295876063c96b236f673487e8c27379fe146c1e2250283520227", size = 60588256 },
    { url = "https://files.pythonhosted.org/packages/f4/89/6631d0982353da1bb7bc00bb1988f702822c62b42634f57999ee53b5c337/nodejs_wheel_binaries-24.19.0-py2.py3-none-manylinux_2_28_x86_64.whl", hash = "sha256:4196a947bcc883f2003ab101762d729f3e99b5e86b75bd09151563403e2eceb8", size = 61123607 },
    { url = "https://files.pythonhosted.org/packages/32/a2/fa30f0841e4602995782e124359f9b910c7b481d98decf61ef0b2fc3ebfb/nodejs_wheel_binaries-24.19.0-py2.py3-none-musllinux_1_2_aarch64.whl", hash = "sha256:352e048ab4dd35e7de5f338d1cc4fcbf77a0e93da30bf7336a8217ee246b31d7", size = 62632842 },
    { url = "https://files.pythonhosted.org/packages/18/01/22d97ca72213f66cc386ee638db30c2e62757fdf761c6029074bced83d1c/nodejs_wheel_binaries-24.19.0-py2.py3-none-musllinux_1_2_x86_64.whl", hash = "sha256:28d078b2ced9e2069516e652dc4b1380e7a1a7f2d3934eccd1611586d283ba4c", size = 63250653 },
    { url = "https://files.pythonhosted.org/packages/88/d1/e3be8fa327a795bcaf7a19cd84299e338a7bce32ff0665fdce9cfa22573c/nodejs_wheel_binaries-24.19.0-py2.py3-none-win_amd64.whl", hash = "sha256:67e3abeb9c3830cae8c8487ae8a2af7cc27dfa75af06145cee5ca7d1857c81bd", size = 42448503 },
    { url = "https://files.pythonhosted.org/packages/1d/37/34cf28ba1691a060174948a9927fe61091982d6048b2e403071a9acce443/nodejs_wheel_binaries-24.19.0-py2.py3-none-win_arm64.whl", hash = "sha256:d9074c665ea68b04e183d82482c86dc907d3a9bd15eb6cf85542cb785266bb36", size = 40090155 },
]

[[package]]
name = "opentelemetry-api"
version = "1.45.0"
source = { registry = "https://pypi.org/simple" }
dependencies = [
    { name = "typing-extensions" },
]
sdist = { url = "https://files.pythonhosted.org/packages/1f/dc/e12c1fe1ed8a7b7149777127b1a0e12ce5bd5a81d97408bedc2128c260f5/opentelemetry_api-1.45.0.tar.gz", hash = "sha256:711ede81773c8025c2c03dac0450bc89f3d30aea6eabcc815c570d4e35a963f7", size = 72115 }
wheels = [
    { url = "https://files.pythonhosted.org/packages/44/b9/040d1a1c7836922828e6480cd2366bb8fe0ebf75b413d2bb51a9b0e7f78f/opentelemetry_api-1.45.0-py3-none-any.whl", hash = "sha256:80e068aba7cd56c8b58512d6a36f8d25cb1dfaa0c0a4cc1c938ccf9f362d9cb3", size = 60020 },
]

[[package]]
name = "packaging"
version = "26.3"
source = { registry = "https://pypi.org/simple" }
sdist = { url = "https://files.pythonhosted.org/packages/7d/fa/3944b40b07da9ce895c0e6303a5ab7d53da063554f534556b134a54d6093/packaging-26.3.tar.gz", hash = "sha256:94edc256424af38762eb31306eed28beb9f0efc50a8837492c9d6fd6004aed79", size = 313412 }
wheels = [
    { url = "https://files.pythonhosted.org/packages/63/34/ba1c580383c9eada3711951fef0795c80b829a078d72188184bcab9dd527/packaging-26.3-py3-none-any.whl", hash = "sha256:d7193f7c8e4e93f444fde0262bf90af30e16fa0ad0ad44cb553c87339b23cd1c", size = 129956 },
]

[[package]]
name = "pluggy"
version = "1.6.0"
source = { registry = "https://pypi.org/simple" }
sdist = { url = "https://files.pythonhosted.org/packages/f9/e2/3e91f31a7d2b083fe6ef3fa267035b518369d9511ffab804f839851d2779/pluggy-1.6.0.tar.gz", hash = "sha256:7dcc130b76258d33b90f61b658791dede3486c3e6bfb003ee5c9bfb396dd22f3", size = 69412 }
wheels = [
    { url = "https://files.pythonhosted.org/packages/54/20/4d324d65cc6d9205fabedc306948156824eb9f0ee1633355a8f7ec5c66bf/pluggy-1.6.0-py3-none-any.whl", hash = "sha256:e920276dd6813095e9377c0bc5566d94c932c33b27a3e3945d8389c374dd4746", size = 20538 },
]

[[package]]
name = "pydantic"
version = "2.13.5"
source = { registry = "https://pypi.org/simple" }
dependencies = [
    { name = "annotated-types" },
    { name = "pydantic-core" },
    { name = "typing-extensions" },
    { name = "typing-inspection" },
]
sdist = { url = "https://files.pythonhosted.org/packages/53/ef/fc4f868f4e2cee79f863883abffceff107875f569b848507319842d2a681/pydantic-2.13.5.tar.gz", hash = "sha256:51a9c5f7b2f8e636f04c6cada605d9b6a3bf1348fdf945a3d8869b19bba0ee08", size = 845750 }
wheels = [
    { url = "https://files.pythonhosted.org/packages/eb/47/c95ffc2009878c7aac0c5e08528022dcb885933252a88b5f170058014464/pydantic-2.13.5-py3-none-any.whl", hash = "sha256:346a034f080da3755d8e9cb5e00e8b07de1d39e4f6e2c87d8ab7cafa0b269a73", size = 472589 },
]

[[package]]
name = "pydantic-core"
version = "2.46.5"
source = { registry = "https://pypi.org/simple" }
dependencies = [
    { name = "typing-extensions" },
]
sdist = { url = "https://files.pythonhosted.org/packages/af/f9/8a06bea35ef8daf588f707784c973a7046e0034c8d8cfb08828eeffb8b75/pydantic_core-2.46.5.tar.gz", hash = "sha256:10416c15b8839ecc4ef4d0885da76da6fd0f67333a0eb8aff6d93c4b8f2910fc", size = 472262 }
wheels = [
    { url = "https://files.pythonhosted.org/packages/f5/37/5abe39a8372a61d3dc3c1338fc504281c01b32fdb3169cd7187153b56d3e/pydantic_core-2.46.5-cp313-cp313-macosx_10_12_x86_64.whl", hash = "sha256:b7ca9034437b6022f941f4857459562ee00a560b97e7cce8a0ec5a74fc6766e0", size = 2075885 },
    { url = "https://files.pythonhosted.org/packages/21/43/6323b1f8b217780454c61304bcd2b38ae4762f50754414124603ccc90bb2/pydantic_core-2.46.5-cp313-cp313-macosx_11_0_arm64.whl", hash = "sha256:f332f0e72a5a0400141f830744e141bf9f97917878dbe968669e8a7fefea78ff", size = 1922768 },
    { url = "https://files.pythonhosted.org/packages/0f/a3/c05ca796e1197618a774b01e596aeedfefc2f7d8c01ae3054e910b120e8a/pydantic_core-2.46.5-cp313-cp313-manylinux_2_17_aarch64.manylinux2014_aarch64.whl", hash = "sha256:193375f3548919d3f0b60936ca113ada3e38f264f91b9b8e0508efaad57be931", size = 1951241 },
    { url = "https://files.pythonhosted.org/packages/68/32/33bc39ac705c52cffc908e8389f9754fdb208aea5c69cceddf4eb3ce99af/pydantic_core-2.46.5-cp313-cp313-manylinux_2_17_armv7l.manylinux2014_armv7l.whl", hash = "sha256:79bdfa52f843137045b2d081cc05c120ba6665d29b7559c2c47690906f39279f", size = 2031975 },
    { url = "https://files.pythonhosted.org/packages/b0/70/2333e885c0f6a67bc105c5916965dac9b57f2718ee20d81d1a06a4ebdc13/pydantic_core-2.46.5-cp313-cp313-manylinux_2_17_ppc64le.manylinux2014_ppc64le.whl", hash = "sha256:24922243639cbdac66c75fcb6fd6495a9cb52b213d62f9a0d16f0310b1ff8038", size = 2208542 },
    { url = "https://files.pythonhosted.org/packages/f7/ea/296debfb4264207bbda5936133892e027c0a58875ad53ebd512fba8ec3a2/pydantic_core-2.46.5-cp313-cp313-manylinux_2_17_s390x.manylinux2014_s390x.whl", hash = "sha256:c76fe65e607be28c7fd4d56fc3c42b1583aa058ce3408b7ad0fd540171d31f9f", size = 2264692 },
    { url = "https://files.pythonhosted.org/packages/d3/f2/9e4de77a6271e07a76d2d58b11c091a979c191ed2939bf80067568b369d2/pydantic_core-2.46.5-cp313-cp313-manylinux_2_17_x86_64.manylinux2014_x86_64.whl", hash = "sha256:6f7b393a8b3da82f5c1fc0751e6d01ac6c55b93c18226a60bdfba4a724efafd1", size = 2066633 },
    { url = "https://files.pythonhosted.org/packages/8d/db/f9e9d0c97445987b2084823d5c240de88087338f04fc2cfaa2df186b8049/pydantic_core-2.46.5-cp313-cp313-manylinux_2_31_riscv64.whl", hash = "sha256:7ac031912d54f3d83ef3b3eb98dfabc1608802e2202263d25957eeed40b94761", size = 2105235 },
    { url = "https://files.pythonhosted.org/packages/07/c5/79169b047b3b2c3e99e04bc76372af9637e0bf6db638274fa927df96369e/pydantic_core-2.46.5-cp313-cp313-manylinux_2_5_i686.manylinux1_i686.whl", hash = "sha256:837b396ca3d7b74091ca623f6cbd8351bd42d670a79c2683e79fb089f06a2de5", size = 2157367 },
    { url = "https://files.pythonhosted.org/packages/26/b5/ba6057afb7c291bd449f51b867f95aef2072941c4ce4e5c31d6ffd132d3b/pydantic_core-2.46.5-cp313-cp313-musllinux_1_1_aarch64.whl", hash = "sha256:5ee239d575f80b08eca11f6e20f90c4c695de7825c67eefe6091fbf20dda648e", size = 2158420 },
    { url = "https://files.pythonhosted.org/packages/6e/28/2057abecaafdc22912afa819603a51f0a62d40643b7c4871c51721fea9be/pydantic_core-2.46.5-cp313-cp313-musllinux_1_1_armv7l.whl", hash = "sha256:e80675d75ae2cd14372cb65cad5400d9347a3d3f6c13000183f22dfd027283ed", size = 2309588 },
    { url = "https://files.pythonhosted.org/packages/71/9d/881156dc404e27479c4246128d73538464cab4a239bec61995e227644c30/pydantic_core-2.46.5-cp313-cp313-musllinux_1_1_x86_64.whl", hash = "sha256:9c4b71f10dd532fb7a5cbc8f58707779e64f03a258c2bf8bfbaecfcd9970b519", size = 2341866 },
    { url = "https://files.pythonhosted.org/packages/5a/38/d66f443a259f84d13babdceae568e572b0ed26da17ca5d0a649ebb110a67/pydantic_core-2.46.5-cp313-cp313-win32.whl", hash = "sha256:97bf8de4d541598c94a59344eeb988a94c08ff76b5723c41f6567ec18c7892ea", size = 1938580 },
    { url = "https://files.pythonhosted.org/packages/2c/1e/1d5371213f4cc9a7ed70c0bfcc7911de22311ee99a662a56077d7292d2ac/pydantic_core-2.46.5-cp313-cp313-win_amd64.whl", hash = "sha256:15f4a94963c95accac15b7b657bb177d3ad82bb90b0d0526d9a9b85079925db5", size = 2041980 },
    { url = "https://files.pythonhosted.org/packages/5a/48/4222d90b1c67568bace4dec6dca6271449c66de3595d72b6d098f5fde597/pydantic_core-2.46.5-cp313-cp313-win_arm64.whl", hash = "sha256:d22a945598fb91236b4dd793a6e42e4f3dd7740bb5aace5ebd7d4c08d13bb575", size = 1997213 },
    { url = "https://files.pythonhosted.org/packages/8e/8a/14596f2a8367da50cf7cbac48169ee5d9c8e11d486a3b527082384630c72/pydantic_core-2.46.5-cp314-cp314-macosx_10_12_x86_64.whl", hash = "sha256:c1c43ad4339643d70ebb8124e1305a7dab423001eff58bb41a0f731adbc98355", size = 2074081 },
    { url = "https://files.pythonhosted.org/packages/ae/d5/d8a4eb6d6c7f66b91dd37c576d76e9e60fba900caf5372c17bcf949febc2/pydantic_core-2.46.5-cp314-cp314-macosx_11_0_arm64.whl", hash = "sha256:1a353f84de772f423b5ffb11d7ae352fbbef0f446f3c0b0af0f8236d7233606e", size = 1920497 },
    { url = "https://files.pythonhosted.org/packages/8e/26/092079428f86e927e030b2c0ced87df69dbb1c875cdeaa67bf42ea2be746/pydantic_core-2.46.5-cp314-cp314-manylinux_2_17_aarch64.manylinux2014_aarch64.whl", hash = "sha256:5086029a57366b8cf81b130a43908738095c270c21a8d7f0e8bdfdb89718e2f3", size = 1952130 },
    { url = "https://files.pythonhosted.org/packages/08/c3/8ec0e290a9ebaebd64047bf5fda94be835c6b1551b02437e4b76778fbcd7/pydantic_core-2.46.5-cp314-cp314-manylinux_2_17_armv7l.manylinux2014_armv7l.whl", hash = "sha256:46c25dda9d092a06c08db76ffe0a197107904d0dfac653f7d5306bbcd6d6119c", size = 2026371 },
    { url = "https://files.pythonhosted.org/packages/01/72/4fd20ad520fb8da0157f95b27a7eb05a72790ef08138e7701ac972c342ea/pydantic_core-2.46.5-cp314-cp314-manylinux_2_17_ppc64le.manylinux2014_ppc64le.whl", hash = "sha256:37ea7b83c935e5b0d68c9449b82651accf78a10828b2c02b2f2d9e9496446c21", size = 2202822 },
    { url = "https://files.pythonhosted.org/packages/31/b0/d16e0771206b29314f0d52198b720be21e8a99ab2bf11e3bc0d7c9cebdff/pydantic_core-2.46.5-cp314-cp314-manylinux_2_17_s390x.manylinux2014_s390x.whl", hash = "sha256:e64e88d5585bea9ce95861079de72006c7fa6d3df4e3a3b65ba31eb979c15c9f", size = 2262756 },
    { url = "https://files.pythonhosted.org/packages/2c/9b/59634b7ac631c63b2a37760eb6943af3e29573d6b59a4abc5e7f019d4cee/pydantic_core-2.46.5-cp314-cp314-manylinux_2_17_x86_64.manylinux2014_x86_64.whl", hash = "sha256:54d510bac3ee52247af28ed4bb18a1e799f040ac60fd2bf5ccd4c92f1fbe786f", size = 2068352 },
    { url = "https://files.pythonhosted.org/packages/08/7c/570abb1ad2155348dc754ea91be22e5aaa18eb6d69a6068f7c6f2679a6ed/pydantic_core-2.46.5-cp314-cp314-manylinux_2_31_riscv64.whl", hash = "sha256:a2a5e1d0ff29adddc9f6d6821a66302e4493f8ca898b715b6b1182c2c201ea0a", size = 2104777 },
    { url = "https://files.pythonhosted.org/packages/8e/25/5bf74adc65a1ac5b7be3f6cb0bcb5433615c1598a801c19d830d84c98ded/pydantic_core-2.46.5-cp314-cp314-manylinux_2_5_i686.manylinux1_i686.whl", hash = "sha256:03b9666e41e35d8909852ba191a0607520f81b74eaf12ccf8737005dbb313821", size = 2156312 },
    { url = "https://files.pythonhosted.org/packages/90/6a/2ef38830675e050121040618135564ed56b860b45433b02d9b4ebece46f3/pydantic_core-2.46.5-cp314-cp314-musllinux_1_1_aarch64.whl", hash = "sha256:a91c17edf6eea2402cb5457b4c89e99bc5ed1004aa34c4adf1d4258c1a5c22c2", size = 2150067 },
    { url = "https://files.pythonhosted.org/packages/90/ef/a7dbb03a14a64c2a4621f989c615ed9a892535a6cad938fc27079f919d80/pydantic_core-2.46.5-cp314-cp314-musllinux_1_1_armv7l.whl", hash = "sha256:b49924c73a235e969511bf2aabdff3beebf9820931f646c80274d5d780010c47", size = 2304516 },
    { url = "https://files.pythonhosted.org/packages/68/f8/6bb4c4b80e8a6fde1904c64a51c62a1d04fcdfa3ea521a66b2ddefa1d885/pydantic_core-2.46.5-cp314-cp314-musllinux_1_1_x86_64.whl", hash = "sha256:2cbd9a5eff05e51c447c34dfa4632145b26b09120cf04bd0c871e44c1a5e1c9a", size = 2335223 },
    { url = "https://files.pythonhosted.org/packages/2a/80/f46b8c681195190b2c1f1c7c0a81abce60663e987613e09ef64d433dd96b/pydantic_core-2.46.5-cp314-cp314-win32.whl", hash = "sha256:2d5d76654becf5efd62c9e51c3756c67b49498b0c9a40884934c40807adbd074", size = 1934827 },
    { url = "https://files.pythonhosted.org/packages/f7/3c/60674207246bc0a4009d2391b7c7251c7159f279c8d2ab8aae8ef46f3dee/pydantic_core-2.46.5-cp314-cp314-win_amd64.whl", hash = "sha256:fa10ef4112775900e7a0661068635eb67b2ab824fbde764de6e0e21982a93db0", size = 2042648 },
    { url = "https://files.pythonhosted.org/packages/69/0c/117c562c7c1babdf44576b72a5e496906506c93690387ecfbca7c729ae2e/pydantic_core-2.46.5-cp314-cp314-win_arm64.whl", hash = "sha256:045ab3b6d308439e32b81cc173bba5b9018bc6ed896afd0c65b3b009b1699af5", size = 1989652 },
    { url = "https://files.pythonhosted.org/packages/e8/66/9336ae58f9eb68c41d121894e52c4c89eccb07eb8f602a04ee9c3f37736a/pydantic_core-2.46.5-cp314-cp314t-macosx_10_12_x86_64.whl", hash = "sha256:8816f3d218beb4b787de5c9759c259b8fa61f9dec42dc7811f320a33771778b7", size = 2065829 },
    { url = "https://files.pythonhosted.org/packages/c5/02/bc19b47a96c2d3109760711acf22369e56bd7e405ca52f7ade164d2ead57/pydantic_core-2.46.5-cp314-cp314t-macosx_11_0_arm64.whl", hash = "sha256:bce57638e08ac148e5778cce7feb968307a727d66f8e2274a543d0cf0c9ad6a3", size = 1905716 },
    { url = "https://files.pythonhosted.org/packages/52/a4/70b47c0509923dd98ccfed04fb3e32ea3849c82a0ff2205bb41009b43c00/pydantic_core-2.46.5-cp314-cp314t-manylinux_2_17_aarch64.manylinux2014_aarch64.whl", hash = "sha256:976e1128455aa595ea04c79ccfedff1aaeab96ee013fcc916bed120c4f0ad94f", size = 1934216 },
    { url = "https://files.pythonhosted.org/packages/52/ab/aa03b65f7bb198585edf806b906c3223ecf1795543e39e23aec4cce27ad2/pydantic_core-2.46.5-cp314-cp314t-manylinux_2_17_armv7l.manylinux2014_armv7l.whl", hash = "sha256:e7b891faeedeafba41b2983e5001a81b6a915b69544c7e7570d1989ce1c36ac7", size = 2010635 },
    { url = "https://files.pythonhosted.org/packages/3c/8b/0da06343f30b84ec549aafd309c6456223d5dc8bd36af504c573faad561d/pydantic_core-2.46.5-cp314-cp314t-manylinux_2_17_ppc64le.manylinux2014_ppc64le.whl", hash = "sha256:5f194189415698233dd1114a093a9b56e61e2c57e11b469be3b0506f46f0771c", size = 2209369 },
    { url = "https://files.pythonhosted.org/packages/d6/5b/844c4defaa34a3df66eb9257087d121d70c201298b96abdf9f492fc2f1bf/pydantic_core-2.46.5-cp314-cp314t-manylinux_2_17_s390x.manylinux2014_s390x.whl", hash = "sha256:82a36973cf8a2ef5406f4fe2edbf8ed0c99629535d959e0b100c76a32535a111", size = 2253238 },
    { url = "https://files.pythonhosted.org/packages/f4/64/a4e536cb16d7f61a7fd3120b46c577fc7fa7325992f69c4f52bc786d77d8/pydantic_core-2.46.5-cp314-cp314t-manylinux_2_17_x86_64.manylinux2014_x86_64.whl", hash = "sha256:cdbb78909f52b981d3b2d56b97328d71eb0b974c36bd77c920123a7ebb192829", size = 2065740 },
    { url = "https://files.pythonhosted.org/packages/5f/75/aaa38c6bc2d085f6605b34eabdc6a8a4e0b2e61fc9c8e6e52b28e97b3125/pydantic_core-2.46.5-cp314-cp314t-manylinux_2_31_riscv64.whl", hash = "sha256:52e24eacdb536cade636aa90fb851835222becff8484b7001fdc78cb0290f2aa", size = 2087425 },
    { url = "https://files.pythonhosted.org/packages/55/ae/fcab4cfc39aba3689e1d20c8b5250ad280957022c09af2ed9cd585602a5e/pydantic_core-2.46.5-cp314-cp314t-manylinux_2_5_i686.manylinux1_i686.whl", hash = "sha256:37ae34309d7bd8c0d61ab839668058f2a7962ea1fc51d105d2db228fe0618034", size = 2139306 },
    { url = "https://files.pythonhosted.org/packages/2d/f4/f1d03a4bc9d9acbc62f4d742b8a319af52f71885079868b2ff8e48a651ee/pydantic_core-2.46.5-cp314-cp314t-musllinux_1_1_aarch64.whl", hash = "sha256:0cdbada856a1c69a7624a64d3d9aefe79300bd6ef827b43a4f265010b9b55184", size = 2144589 },
    { url = "https://files.pythonhosted.org/packages/83/f3/7a53bb1356de514a4cd295f25b6ac39237895620c0462d2592b76c16e114/pydantic_core-2.46.5-cp314-cp314t-musllinux_1_1_armv7l.whl", hash = "sha256:545f26c504b27c3758439a5e6d9349931f0a04f855668d5fe323c89e82300a38", size = 2288882 },
    { url = "https://files.pythonhosted.org/packages/cd/94/5a81583660c175c59d49ffb09f4b3a44debeaf86a19fca664ae1cdd9ee32/pydantic_core-2.46.5-cp314-cp314t-musllinux_1_1_x86_64.whl", hash = "sha256:ff218293c9c806138dca139765e3b067621be52bcd93cdc14c7711be7ddc90a9", size = 2335210 },
    { url = "https://files.pythonhosted.org/packages/5a/9f/5d685c2693b972d1a59c998586e8823712b66603aeff47ee60a4bdaafd37/pydantic_core-2.46.5-cp314-cp314t-win32.whl", hash = "sha256:97cf3eb53a8cccacf9d46686a0926186c9bfb5574f2ed66d3639d5fe117cd3a9", size = 1921180 },
    { url = "https://files.pythonhosted.org/packages/70/12/5c94ee16d65a37a15f9e869f5e6256df111154491173801a4c5e800ab548/pydantic_core-2.46.5-cp314-cp314t-win_amd64.whl", hash = "sha256:d2f9fc07a8042a8f95925b35c4f04f469707c981fc33245b6ca187cf5d2dd290", size = 2020515 },
    { url = "https://files.pythonhosted.org/packages/63/19/67830dda664e6bdf9285ee2e40f355d0d7d6b92aa0c42e8d217bb8d33d36/pydantic_core-2.46.5-cp314-cp314t-win_arm64.whl", hash = "sha256:acf8a67ba51f4ca9ddbd0e6b3000a65ac51ab734661778b3e7ba64d99a710f2f", size = 1989276 },
    { url = "https://files.pythonhosted.org/packages/af/1e/ecca01fce348f7e8afa9572441ff6f7d1cc70d21e4859f33944d10877e1e/pydantic_core-2.46.5-graalpy311-graalpy242_311_native-macosx_10_12_x86_64.whl", hash = "sha256:c14ad3bdc85ee7f318742c457ca3968a92126d144b15721c759033bfb06296c2", size = 2075342 },
    { url = "https://files.pythonhosted.org/packages/1f/4c/af80c7a8032dfc897040ad5cb772bebde529a381186499e6e29987f23f8c/pydantic_core-2.46.5-graalpy311-graalpy242_311_native-macosx_11_0_arm64.whl", hash = "sha256:0bddb4020d8f04175865ccd17eff3040874fc11fb593f424edb452653b4b947c", size = 1907219 },
    { url = "https://files.pythonhosted.org/packages/be/3e/54d89e2b092e778716bf6153634ef479e955f48c261090be23aa1e0fb0b5/pydantic_core-2.46.5-graalpy311-graalpy242_311_native-manylinux_2_17_aarch64.manylinux2014_aarch64.whl", hash = "sha256:2471fd51c61c610e1dcf7de44d7299283661654d11264ab4802b303368d69c47", size = 1953393 },
    { url = "https://files.pythonhosted.org/packages/ea/89/828ee90cda28ce17bdefaa3a6eaf74fe430e113295a10e6126beca559d6c/pydantic_core-2.46.5-graalpy311-graalpy242_311_native-manylinux_2_17_x86_64.manylinux2014_x86_64.whl", hash = "sha256:b10ec717381bdbfafef34607824db4c91de69ff085e4fca3b2af91b4fa17e68a", size = 2099024 },
    { url = "https://files.pythonhosted.org/packages/df/dd/053c2e4303f791f3b8f8a14ab0b22008e8eb21d868c0c90b4f9be705b76a/pydantic_core-2.46.5-graalpy312-graalpy250_312_native-macosx_10_12_x86_64.whl", hash = "sha256:013d6f3483d81e02e7c328831808f336c8596ee33b4bd4026b9ffb1e960b8942", size = 2062540 },
    { url = "https://files.pythonhosted.org/packages/d7/dd/a18df751a5e37dd51bfad7f68e766999125bebe68c9e1d10a493ad01bd63/pydantic_core-2.46.5-graalpy312-graalpy250_312_native-macosx_11_0_arm64.whl", hash = "sha256:e9c134bb666dd54b778b9fc0d2b50cbb7f979b9e3716f26a88c9ab3b6fc1dd0f", size = 1902040 },
    { url = "https://files.pythonhosted.org/packages/b7/13/01d40f9d07ce8a779fd6e0bd8ad4fba91309500dd67b869e2e219d261a6d/pydantic_core-2.46.5-graalpy312-graalpy250_312_native-manylinux_2_17_aarch64.manylinux2014_aarch64.whl", hash = "sha256:347ec774390c87326a2e4929d58d3f7e8763a104d5d35f4cd595a4c952366433", size = 1967479 },
    { url = "https://files.pythonhosted.org/packages/fa/04/c81d4841331c2178b6fb09ae225425e110ed72d990c9fe556c4ec03d1013/pydantic_core-2.46.5-graalpy312-graalpy250_312_native-manylinux_2_17_x86_64.manylinux2014_x86_64.whl", hash = "sha256:8e24d8f05fa2d28513d94e877e9c75ad66175376209b3977f916e240e623193c", size = 2111034 },
]

[[package]]
name = "pygments"
version = "2.21.0"
source = { registry = "https://pypi.org/simple" }
sdist = { url = "https://files.pythonhosted.org/packages/49/2e/ced460408999b33da6b31b0021b0f37d329e202d4169aeb164493778f25b/pygments-2.21.0.tar.gz", hash = "sha256:610ca751c9bc2492b38eb9a38a7fbc93edbbb2d7182edaf34e66ae493dee5c8c", size = 5005329 }
wheels = [
    { url = "https://files.pythonhosted.org/packages/71/46/17f022dd3e953bf20a04a028a21ec746d942f8d2af30fa0f124fa0e6a684/pygments-2.21.0-py3-none-any.whl", hash = "sha256:2363c69b61c4a97c838da3b130dcd6468f4848992b21a82f2a63ec34377137d9", size = 1250147 },
]

[[package]]
name = "pytest"
version = "9.1.1"
source = { registry = "https://pypi.org/simple" }
dependencies = [
    { name = "colorama", marker = "sys_platform == 'win32'" },
    { name = "iniconfig" },
    { name = "packaging" },
    { name = "pluggy" },
    { name = "pygments" },
]
sdist = { url = "https://files.pythonhosted.org/packages/e4/47/b9efed96c114afcfa3c9d3fe98a76a1d14c74a9e266d397cf6eb64be5e01/pytest-9.1.1.tar.gz", hash = "sha256:1088fbde8f2b49d95a549a195707afa7a76a3ce9bcadc26b6d71f0ffda5fe313", size = 1636369 }
wheels = [
    { url = "https://files.pythonhosted.org/packages/24/25/1de2678b631f5a49215c6c96fff41ba892b0a34df68d6d80292b1b48aa7f/pytest-9.1.1-py3-none-any.whl", hash = "sha256:37a86b45efb9a47a61a36449063e8e18d0cab3161329fc099eb21783169c4f0c", size = 386536 },
]

[[package]]
name = "pytest-asyncio"
version = "1.4.0"
source = { registry = "https://pypi.org/simple" }
dependencies = [
    { name = "pytest" },
]
sdist = { url = "https://files.pythonhosted.org/packages/43/7c/d36d04db312ecf4298932ef77e6e4a9e8ad017906e24e34f0b0c361a2473/pytest_asyncio-1.4.0.tar.gz", hash = "sha256:c6c0d2259945122819f171a32ecea2c349ead889ee28176caaf492143424be42", size = 58514 }
wheels = [
    { url = "https://files.pythonhosted.org/packages/03/e2/08a497ef684b88559c9cc5f4ad53a37e7b99e727094a86d6ea32536d5d3c/pytest_asyncio-1.4.0-py3-none-any.whl", hash = "sha256:933ca923a23075a87fb7070c0ec272a6848489824d887c85c812670932835aa1", size = 16930 },
]

[[package]]
name = "python-multipart"
version = "0.0.32"
source = { registry = "https://pypi.org/simple" }
sdist = { url = "https://files.pythonhosted.org/packages/5b/42/55c32bb9b12693c092ad250a0e82edb5b31ddeda6eb772de5f308b3804ad/python_multipart-0.0.32.tar.gz", hash = "sha256:be54b7f3fa167bb83e4fcd936b887b708f4e57fe75911c02aebf53efaf8d938e", size = 46881 }
wheels = [
    { url = "https://files.pythonhosted.org/packages/e1/04/e8135ebd1ad02c56ec633277529b2602ff99ff634be76cdba5744cf554fd/python_multipart-0.0.32-py3-none-any.whl", hash = "sha256:ff6d3f776f16878c894e52e107296ffc890e913c611b1a4ec6c44e2821fe2e23", size = 30042 },
]

[[package]]
name = "respx"
version = "0.23.1"
source = { registry = "https://pypi.org/simple" }
dependencies = [
    { name = "httpx" },
]
sdist = { url = "https://files.pythonhosted.org/packages/43/98/4e55c9c486404ec12373708d015ebce157966965a5ebe7f28ff2c784d41b/respx-0.23.1.tar.gz", hash = "sha256:242dcc6ce6b5b9bf621f5870c82a63997e8e82bc7c947f9ffe272b8f3dd5a780", size = 29243 }
wheels = [
    { url = "https://files.pythonhosted.org/packages/1d/4a/221da6ca167db45693d8d26c7dc79ccfc978a440251bf6721c9aaf251ac0/respx-0.23.1-py2.py3-none-any.whl", hash = "sha256:b18004b029935384bccfa6d7d9d74b4ec9af73a081cc28600fffc0447f4b8c1a", size = 25557 },
]

[[package]]
name = "rich"
version = "15.0.0"
source = { registry = "https://pypi.org/simple" }
dependencies = [
    { name = "markdown-it-py" },
    { name = "pygments" },
]
sdist = { url = "https://files.pythonhosted.org/packages/c0/8f/0722ca900cc807c13a6a0c696dacf35430f72e0ec571c4275d2371fca3e9/rich-15.0.0.tar.gz", hash = "sha256:edd07a4824c6b40189fb7ac9bc4c52536e9780fbbfbddf6f1e2502c31b068c36", size = 230680 }
wheels = [
    { url = "https://files.pythonhosted.org/packages/82/3b/64d4899d73f91ba49a8c18a8ff3f0ea8f1c1d75481760df8c68ef5235bf5/rich-15.0.0-py3-none-any.whl", hash = "sha256:33bd4ef74232fb73fe9279a257718407f169c09b78a87ad3d296f548e27de0bb", size = 310654 },
]

[[package]]
name = "ruff"
version = "0.16.10"
source = { registry = "https://pypi.org/simple" }
sdist = { url = "https://files.pythonhosted.org/packages/c4/49/23802c45f093eb14bde54b141d2b2f058edfa63a06db7beed047308cc08f/ruff-0.16.10.tar.gz", hash = "sha256:eff4728c4eaae93f0955cd264d24b2ab348e74bf59986ccf282ba6dc16b3b017", size = 4958724 }
wheels = [
    { url = "https://files.pythonhosted.org/packages/2f/21/ebce22e1d90cdb2cd691026b9c6e9bec6499f0b396089481755b5d49efff/ruff-0.16.10-py3-none-linux_armv6l.whl", hash = "sha256:488b0fe3f3574210e5cf80d9f59b9e3ab17a127a8155de3f307b392589cfb511", size = 10095557 },
    { url = "https://files.pythonhosted.org/packages/cb/98/a54de85876a8b2612bfa0d84c7b9abfb39c6a3354aee7800b09c1649b9e3/ruff-0.16.10-py3-none-macosx_10_12_x86_64.whl", hash = "sha256:e748ff95c934c4e978783b8e687bc174e7bd84e8ad24e3243e1ecfcda5e0282d", size = 10340577 },
    { url = "https://files.pythonhosted.org/packages/9f/16/1a5a4a2657effe4806110f2b907313802f1367fcdbb29e8122766e407fab/ruff-0.16.10-py3-none-macosx_11_0_arm64.whl", hash = "sha256:3031a4a2e8e7b8a46f70be45f198c35a11ece509a94b80334d8d397a33c67550", size = 9774282 },
    { url = "https://files.pythonhosted.org/packages/6e/fb/470085af734da396e68cd80fb0a3e7c109a459716ae59588c0f6fab8a17d/ruff-0.16.10-py3-none-manylinux_2_17_aarch64.manylinux2014_aarch64.whl", hash = "sha256:494401c86df4c4c25f69b9419605d944467ee98c42fb6ad405ef4fa40b8fb67d", size = 9920895 },
    { url = "https://files.pythonhosted.org/packages/57/de/f10cffe4f88a37ea6615ec460f01bf76f0bc1477737a35d9ee61a630a78b/ruff-0.16.10-py3-none-manylinux_2_17_armv7l.manylinux2014_armv7l.whl", hash = "sha256:d203abc0ff2b773ee33d00ab8df0bb67046fbc7c07b119332f08b9b345cf8221", size = 9902707 },
    { url = "https://files.pythonhosted.org/packages/ff/44/3fdcedf83ae60ef837dd239170e480dce606a9142cfa2db911afdf855fd9/ruff-0.16.10-py3-none-manylinux_2_17_i686.manylinux2014_i686.whl", hash = "sha256:bd83d1235a5258d318477bc5b576303974cbdef5df0c01a1bff14efcc23bd12a", size = 10619287 },
    { url = "https://files.pythonhosted.org/packages/c1/62/02e76a5574002153618eafbb70e159468addc72a5d2c488e65cbb4639d2d/ruff-0.16.10-py3-none-manylinux_2_17_ppc64le.manylinux2014_ppc64le.whl", hash = "sha256:bc2610fb269fa56dd8a68669ae470fa6272902668c0fc2ebc3aa112b2633d5b8", size = 11339942 },
    { url = "https://files.pythonhosted.org/packages/6b/c4/cde27d47ad8d4126c587e608c67c46e7feac11763f606d261a1bc8a489e6/ruff-0.16.10-py3-none-manylinux_2_17_s390x.manylinux2014_s390x.whl", hash = "sha256:3e70175e29cc94c26ea296c80e470180b744b7419026898e58f520c6ab32578e", size = 10934316 },
    { url = "https://files.pythonhosted.org/packages/e4/03/17234145f302a645a123e8c3bb2411ecf4669fbc350de3b0d803230a1729/ruff-0.16.10-py3-none-manylinux_2_17_x86_64.manylinux2014_x86_64.whl", hash = "sha256:f33f43a864a8483eebd160e713336c8bab02c934feaff0a33cf5ccb41546d09a", size = 10387968 },
    { url = "https://files.pythonhosted.org/packages/71/29/2493af60240ee7644b38a4b821f5f9c3b5a4fa3178770fe1d0c685217395/ruff-0.16.10-py3-none-manylinux_2_31_riscv64.whl", hash = "sha256:1dfc6f0088149fb6a362c1c446bcbb3fd2157b3852fe2fa68409276eab9ad9b3", size = 10537906 },
    { url = "https://files.pythonhosted.org/packages/2e/9a/f56b28f3b143bb9e518c34fb89ab191b626bca8b70dbf8af0d2e2d473572/ruff-0.16.10-py3-none-musllinux_1_2_aarch64.whl", hash = "sha256:6553498afc35f580f036030795810b9e6bcea31604b0fd9e8d352795473042e3", size = 10012938 },
    { url = "https://files.pythonhosted.org/packages/c2/c4/fca37362848ea4d4d80712df13632e645e7c7cfb1bdedf140699ac7a090b/ruff-0.16.10-py3-none-musllinux_1_2_armv7l.whl", hash = "sha256:a3b8471dea115d37f123882be852bed13403746d3a76c11de4a19ec5f9ff5a03", size = 9897945 },
    { url = "https://files.pythonhosted.org/packages/7d/c7/e0bc57664d6e0c61fd22f620af260fe9662d7e1ddb320ea7f160e76ef165/ruff-0.16.10-py3-none-musllinux_1_2_i686.whl", hash = "sha256:92e59a70bcbd9d3a5483656da906ec28edfdacfce00afd99edb8b4e9d15644be", size = 10333134 },
    { url = "https://files.pythonhosted.org/packages/21/aa/5c9f3b68737c0e4a33a1db5dfab44f7b786d96ca91a7233112ddab1e6dc2/ruff-0.16.10-py3-none-musllinux_1_2_x86_64.whl", hash = "sha256:7ae7375f803b5520dc9f546bed7e3a0acb70b91812e9bb4b19927de22f25b77d", size = 10741702 },
    { url = "https://files.pythonhosted.org/packages/78/fa/0f9c2020dc316c53d983be011720b8157cc052b97e3f4dfa7db6d0f880a6/ruff-0.16.10-py3-none-win32.whl", hash = "sha256:2a12e01cb9156c10c466f63b46eaae5ecea28dfbd21b5836353ae498e7d1349a", size = 10139176 },
    { url = "https://files.pythonhosted.org/packages/99/29/cfb0df9448d4d4ad48c2de029ada9ebd71baa6da983a6c77ee6c6cd0fe82/ruff-0.16.10-py3-none-win_amd64.whl", hash = "sha256:97f2015c92aa97105b0eab19eb5d224884399281cfc5da86a92db4ab5e7fb2ca", size = 10584734 },
    { url = "https://files.pythonhosted.org/packages/fc/05/c16957eb287c3fc062e032619a25868d93d408a844b725bcf514f7a378ff/ruff-0.16.10-py3-none-win_arm64.whl", hash = "sha256:25a65fe998c4e6861ec079ada5826a2fc605e6cbccbe9dcd7fac1f54e791621b", size = 10366440 },
]

[[package]]
name = "shellingham"
version = "1.5.4"
source = { registry = "https://pypi.org/simple" }
sdist = { url = "https://files.pythonhosted.org/packages/58/15/8b3609fd3830ef7b27b655beb4b4e9c62313a4e8da8c676e142cc210d58e/shellingham-1.5.4.tar.gz", hash = "sha256:8dbca0739d487e5bd35ab3ca4b36e11c4078f3a234bfce294b0a0291363404de", size = 10310 }
wheels = [
    { url = "https://files.pythonhosted.org/packages/e0/f9/0595336914c5619e5f28a1fb793285925a8cd4b432c9da0a987836c7f822/shellingham-1.5.4-py2.py3-none-any.whl", hash = "sha256:7ecfff8f2fd72616f7481040475a65b2bf8af90a56c89140852d1120324e8686", size = 9755 },
]

[[package]]
name = "starlette"
version = "1.7.0"
source = { registry = "https://pypi.org/simple" }
dependencies = [
    { name = "anyio" },
]
sdist = { url = "https://files.pythonhosted.org/packages/7b/2b/3850dc6bf7ef71b088962eba31dafc6cffd2f96e577ebb0bb316df96da3e/starlette-1.7.0.tar.gz", hash = "sha256:c79f74ea63cff761804fbbfb182f1e0b440c2d07b164d24700c5a1bab5d6ff5d", size = 2736246 }
wheels = [
    { url = "https://files.pythonhosted.org/packages/4e/d6/1ec1b290f9e0fb067899b61e1d37a30c923068bad260b216dbe37a7d2967/starlette-1.7.0-py3-none-any.whl", hash = "sha256:67f8e99895493dd2911a03f11314af6ceebeae4e704bb9f43dfc6a9db151c93e", size = 78980 },
]

[[package]]
name = "truststore"
version = "0.10.4"
source = { registry = "https://pypi.org/simple" }
sdist = { url = "https://files.pythonhosted.org/packages/53/a3/1585216310e344e8102c22482f6060c7a6ea0322b63e026372e6dcefcfd6/truststore-0.10.4.tar.gz", hash = "sha256:9d91bd436463ad5e4ee4aba766628dd6cd7010cf3e2461756b3303710eebc301", size = 26169 }
wheels = [
    { url = "https://files.pythonhosted.org/packages/19/97/56608b2249fe206a67cd573bc93cd9896e1efb9e98bce9c163bcdc704b88/truststore-0.10.4-py3-none-any.whl", hash = "sha256:adaeaecf1cbb5f4de3b1959b42d41f6fab57b2b1666adb59e89cb0b53361d981", size = 18660 },
]

[[package]]
name = "typer"
version = "0.27.2"
source = { registry = "https://pypi.org/simple" }
dependencies = [
    { name = "annotated-doc" },
    { name = "colorama", marker = "platform_system == 'Windows'" },
    { name = "rich" },
    { name = "shellingham" },
]
sdist = { url = "https://files.pythonhosted.org/packages/16/f7/57713ba479fd405eb76de31404b2c744c289e336b2d999511ebf51e496f7/typer-0.27.2.tar.gz", hash = "sha256:269b7eb9d3c202ca84b4bc9618cb04ebb43d3d4d1e567e4c768607232c05f945", size = 204045 }
wheels = [
    { url = "https://files.pythonhosted.org/packages/dc/bf/205d0004930ede8f542fb58f601526fccf4ae7626075ca1e6c4de5d3d652/typer-0.27.2-py3-none-any.whl", hash = "sha256:b3a5fc4342d5fc8fda8fc3010b1cf117e9249aab7fae800c2eff62fd3842d97d", size = 123130 },
]

[[package]]
name = "typing-extensions"
version = "4.16.0"
source = { registry = "https://pypi.org/simple" }
sdist = { url = "https://files.pythonhosted.org/packages/f6/cc/6253133b5bb138fc3306cebfbda2c520f545d36b5be2c7255cc528bb45d6/typing_extensions-4.16.0.tar.gz", hash = "sha256:dc983d19a509c94dba722ee6abd33940f7c05a89e243c47e907eb4db6f1a43e5", size = 113555 }
wheels = [
    { url = "https://files.pythonhosted.org/packages/49/d3/b8441a820a491ddfc024b0b0cf0393375b75ea13866d9c66727e54c2fc80/typing_extensions-4.16.0-py3-none-any.whl", hash = "sha256:481caa481374e813c1b176ada14e97f1f67a4539ce9cfeb3f350d78d6370c2e8", size = 45571 },
]

[[package]]
name = "typing-inspection"
version = "0.4.4"
source = { registry = "https://pypi.org/simple" }
dependencies = [
    { name = "typing-extensions" },
]
sdist = { url = "https://files.pythonhosted.org/packages/a3/26/b09b8010994eccc3c09092e6b34058f36a460eea2d4c3e8b910c695975a0/typing_inspection-0.4.4.tar.gz", hash = "sha256:547274fa6b0a561ccf549cc9524b999a578e737d015d8709d021f9d0d13bea47", size = 76928 }
wheels = [
    { url = "https://files.pythonhosted.org/packages/67/81/4add07e5172b7ac40d8ed5ff580409a7801a4fe26d529bdd915401dabfbe/typing_inspection-0.4.4-py3-none-any.whl", hash = "sha256:65b8397ba37ccbce054456aaccddfc91e6e3083c92824df348d96ca832f3f147", size = 14750 },
]

[[package]]
name = "uvicorn"
version = "0.54.0"
source = { registry = "https://pypi.org/simple" }
dependencies = [
    { name = "click" },
    { name = "h11" },
]
sdist = { url = "https://files.pythonhosted.org/packages/da/34/30e9280707135d2cfc589dfff3cb796bd07a3aeb1a3e415ba09dd89d7bb4/uvicorn-0.54.0.tar.gz", hash = "sha256:a2e33cbfaa0306f8e6b0c13e0cb89d7d7a2da3e62b90c66e18c33d9807b28620", size = 112283 }
wheels = [
    { url = "https://files.pythonhosted.org/packages/38/0c/b54a4fdd7f90a3af8b02ebc9ce6712c2c208b7926a2f7bad95c33ebbe943/uvicorn-0.54.0-py3-none-any.whl", hash = "sha256:505bdb0f318731d45f1f712071fc781a8981f6847a31c902c9f5e652d4f67faf", size = 87427 },
]

[[package]]
name = "wosarcher"
version = "0.1.0"
source = { editable = "." }
dependencies = [
    { name = "fastapi" },
    { name = "httpx" },
    { name = "markdown-it-py" },
    { name = "pydantic" },
    { name = "python-multipart" },
    { name = "rich" },
    { name = "typer" },
    { name = "uvicorn" },
]

[package.dev-dependencies]
dev = [
    { name = "basedpyright" },
    { name = "httpx2" },
    { name = "pytest" },
    { name = "pytest-asyncio" },
    { name = "respx" },
    { name = "ruff" },
]

[package.metadata]
requires-dist = [
    { name = "fastapi", specifier = ">=0.142.2" },
    { name = "httpx", specifier = ">=0.28" },
    { name = "markdown-it-py", specifier = ">=3" },
    { name = "pydantic", specifier = ">=2.11" },
    { name = "python-multipart", specifier = ">=0.0.32" },
    { name = "rich", specifier = ">=14" },
    { name = "typer", specifier = ">=0.16" },
    { name = "uvicorn", specifier = ">=0.54.0" },
]

[package.metadata.requires-dev]
dev = [
    { name = "basedpyright", specifier = ">=1.29" },
    { name = "httpx2", specifier = ">=2.13.1" },
    { name = "pytest", specifier = ">=8.4" },
    { name = "pytest-asyncio", specifier = ">=1.0" },
    { name = "respx", specifier = ">=0.22" },
    { name = "ruff", specifier = ">=0.12" },
]
